
Microsoft Visual Studio Solution File, Format Version 12.00
# Visual Studio Version 17
VisualStudioVersion = 17.5.2.0
MinimumVisualStudioVersion = 10.0.40219.1
Project("{FAE04EC0-301F-11D3-BF4B-00C04F79EFBC}") = "Inventory.Domain", "src\Inventory.Domain\Inventory.Domain.csproj", "{A1768718-5018-4B85-8C4D-7257A6EC028C}"
EndProject
Project("{FAE04EC0-301F-11D3-BF4B-00C04F79EFBC}") = "Inventory.Application", "src\Inventory.Application\Inventory.Application.csproj", "{B30DD6CE-6593-4B39-83C4-E59F4A14F776}"
EndProject
Project("{FAE04EC0-301F-11D3-BF4B-00C04F79EFBC}") = "Inventory.Infrastructure", "src\Inventory.Infrastructure\Inventory.Infrastructure.csproj", "{D61B24B1-DBA4-41E7-8133-5A746D0D11FD}"
EndProject
Project("{FAE04EC0-301F-11D3-BF4B-00C04F79EFBC}") = "Inventory.ConsoleApp", "src\Inventory.ConsoleApp\Inventory.ConsoleApp.csproj", "{D99B3FB9-1C3F-4ACB-91AC-C9410920E8B0}"
EndProject
Project("{FAE04EC0-301F-11D3-BF4B-00C04F79EFBC}") = "Inventory.Application.Tests", "tests\Inventory.Application.Tests\Inventory.Application.Tests.csproj", "{D568C99A-FD7E-44F4-A58A-FE024D4B8C34}"
EndProject
Project("{2150E333-8FDC-42A3-9474-1A3956D46DE8}") = "src", "src", "{827E0CD3-B72D-47B6-A68D-7590B98EB39B}"
EndProject
Project("{FAE04EC0-301F-11D3-BF4B-00C04F79EFBC}") = "Inventory.Api", "src\Inventory.Api\Inventory.Api.csproj", "{537BEAC9-DAAC-4A92-87EF-56F95D1E2C02}"
EndProject
Global
	GlobalSection(SolutionConfigurationPlatforms) = preSolution
		Debug|Any CPU = Debug|Any CPU
		Debug|x64 = Debug|x64
		Debug|x86 = Debug|x86
		Release|Any CPU = Release|Any CPU
		Release|x64 = Release|x64
		Release|x86 = Release|x86
	EndGlobalSection
	GlobalSection(ProjectConfigurationPlatforms) = postSolution
		{A1768718-5018-4B85-8C4D-7257A6EC028C}.Debug|Any CPU.ActiveCfg = Debug|Any CPU
		{A1768718-5018-4B85-8C4D-7257A6EC028C}.Debug|Any CPU.Build.0 = Debug|Any CPU
		{A1768718-5018-4B85-8C4D-7257A6EC028C}.Debug|x64.ActiveCfg = Debug|Any CPU
		{A1768718-5018-4B85-8C4D-7257A6EC028C}.Debug|x64.Build.0 = Debug|Any CPU
		{A1768718-5018-4B85-8C4D-7257A6EC028C}.Debug|x86.ActiveCfg = Debug|Any CPU
		{A1768718-5018-4B85-8C4D-7257A6EC028C}.Debug|x86.Build.0 = Debug|Any CPU
		{A1768718-5018-4B85-8C4D-7257A6EC028C}.Release|Any CPU.ActiveCfg = Release|Any CPU
		{A1768718-5018-4B85-8C4D-7257A6EC028C}.Release|Any CPU.Build.0 = Release|Any CPU
		{A1768718-5018-4B85-8C4D-7257A6EC028C}.Release|x64.ActiveCfg = Release|Any CPU
		{A1768718-5018-4B85-8C4D-7257A6EC028C}.Release|x64.Build.0 = Release|Any CPU
		{A1768718-5018-4B85-8C4D-7257A6EC028C}.Release|x86.ActiveCfg = Release|Any CPU
		{A1768718-5018-4B85-8C4D-7257A6EC028C}.Release|x86.Build.0 = Release|Any CPU
		{B30DD6CE-6593-4B39-83C4-E59F4A14F776}.Debug|Any CPU.ActiveCfg = Debug|Any CPU
		{B30DD6CE-6593-4B39-83C4-E59F4A14F776}.Debug|Any CPU.Build.0 = Debug|Any CPU
		{B30DD6CE-6593-4B39-83C4-E59F4A14F776}.Debug|x64.ActiveCfg = Debug|Any CPU
		{B30DD6CE-6593-4B39-83C4-E59F4A14F776}.Debug|x64.Build.0 = Debug|Any CPU
		{B30DD6CE-6593-4B39-83C4-E59F4A14F776}.Debug|x86.ActiveCfg = Debug|Any CPU
		{B30DD6CE-6593-4B39-83C4-E59F4A14F776}.Debug|x86.Build.0 = Debug|Any CPU
		{B30DD6CE-6593-4B39-83C4-E59F4A14F776}.Release|Any CPU.ActiveCfg = Release|Any CPU
		{B30DD6CE-6593-4B39-83C4-E59F4A14F776}.Release|Any CPU.Build.0 = Release|Any CPU
		{B30DD6CE-6593-4B39-83C4-E59F4A14F776}.Release|x64.ActiveCfg = Release|Any CPU
		{B30DD6CE-6593-4B39-83C4-E59F4A14F776}.Release|x64.Build.0 = Release|Any CPU
		{B30DD6CE-6593-4B39-83C4-E59F4A14F776}.Release|x86.ActiveCfg = Release|Any CPU
		{B30DD6CE-6593-4B39-83C4-E59F4A14F776}.Release|x86.Build.0 = Release|Any CPU
		{D61B24B1-DBA4-41E7-8133-5A746D0D11FD}.Debug|Any CPU.ActiveCfg = Debug|Any CPU
		{D61B24B1-DBA4-41E7-8133-5A746D0D11FD}.Debug|Any CPU.Build.0 = Debug|Any CPU
		{D61B24B1-DBA4-41E7-8133-5A746D0D11FD}.Debug|x64.ActiveCfg = Debug|Any CPU
		{D61B24B1-DBA4-41E7-8133-5A746D0D11FD}.Debug|x64.Build.0 = Debug|Any CPU
		{D61B24B1-DBA4-41E7-8133-5A746D0D11FD}.Debug|x86.ActiveCfg = Debug|Any CPU
		{D61B24B1-DBA4-41E7-8133-5A746D0D11FD}.Debug|x86.Build.0 = Debug|Any CPU
		{D61B24B1-DBA4-41E7-8133-5A746D0D11FD}.Release|Any CPU.ActiveCfg = Release|Any CPU
		{D61B24B1-DBA4-41E7-8133-5A746D0D11FD}.Release|Any CPU.Build.0 = Release|Any CPU
		{D61B24B1-DBA4-41E7-8133-5A746D0D11FD}.Release|x64.ActiveCfg = Release|Any CPU
		{D61B24B1-DBA4-41E7-8133-5A746D0D11FD}.Release|x64.Build.0 = Release|Any CPU
		{D61B24B1-DBA4-41E7-8133-5A746D0D11FD}.Release|x86.ActiveCfg = Release|Any CPU
		{D61B24B1-DBA4-41E7-8133-5A746D0D11FD}.Release|x86.Build.0 = Release|Any CPU
		{D99B3FB9-1C3F-4ACB-91AC-C9410920E8B0}.Debug|Any CPU.ActiveCfg = Debug|Any CPU
		{D99B3FB9-1C3F-4ACB-91AC-C9410920E8B0}.Debug|Any CPU.Build.0 = Debug|Any CPU
		{D99B3FB9-1C3F-4ACB-91AC-C9410920E8B0}.Debug|x64.ActiveCfg = Debug|Any CPU
		{D99B3FB9-1C3F-4ACB-91AC-C9410920E8B0}.Debug|x64.Build.0 = Debug|Any CPU
		{D99B3FB9-1C3F-4ACB-91AC-C9410920E8B0}.Debug|x86.ActiveCfg = Debug|Any CPU
		{D99B3FB9-1C3F-4ACB-91AC-C9410920E8B0}.Debug|x86.Build.0 = Debug|Any CPU
		{D99B3FB9-1C3F-4ACB-91AC-C9410920E8B0}.Release|Any CPU.ActiveCfg = Release|Any CPU
		{D99B3FB9-1C3F-4ACB-91AC-C9410920E8B0}.Release|Any CPU.Build.0 = Release|Any CPU
		{D99B3FB9-1C3F-4ACB-91AC-C9410920E8B0}.Release|x64.ActiveCfg = Release|Any CPU
		{D99B3FB9-1C3F-4ACB-91AC-C9410920E8B0}.Release|x64.Build.0 = Release|Any CPU
		{D99B3FB9-1C3F-4ACB-91AC-C9410920E8B0}.Release|x86.ActiveCfg = Release|Any CPU
		{D99B3FB9-1C3F-4ACB-91AC-C9410920E8B0}.Release|x86.Build.0 = Release|Any CPU
		{D568C99A-FD7E-44F4-A58A-FE024D4B8C34}.Debug|Any CPU.ActiveCfg = Debug|Any CPU
		{D568C99A-FD7E-44F4-A58A-FE024D4B8C34}.Debug|Any CPU.Build.0 = Debug|Any CPU
		{D568C99A-FD7E-44F4-A58A-FE024D4B8C34}.Debug|x64.ActiveCfg = Debug|Any CPU
		{D568C99A-FD7E-44F4-A58A-FE024D4B8C34}.Debug|x64.Build.0 = Debug|Any CPU
		{D568C99A-FD7E-44F4-A58A-FE024D4B8C34}.Debug|x86.ActiveCfg = Debug|Any CPU
		{D568C99A-FD7E-44F4-A58A-FE024D4B8C34}.Debug|x86.Build.0 = Debug|Any CPU
		{D568C99A-FD7E-44F4-A58A-FE024D4B8C34}.Release|Any CPU.ActiveCfg = Release|Any CPU
		{D568C99A-FD7E-44F4-A58A-FE024D4B8C34}.Release|Any CPU.Build.0 = Release|Any CPU
		{D568C99A-FD7E-44F4-A58A-FE024D4B8C34}.Release|x64.ActiveCfg = Release|Any CPU
		{D568C99A-FD7E-44F4-A58A-FE024D4B8C34}.Release|x64.Build.0 = Release|Any CPU
		{D568C99A-FD7E-44F4-A58A-FE024D4B8C34}.Release|x86.ActiveCfg = Release|Any CPU
		{D568C99A-FD7E-44F4-A58A-FE024D4B8C34}.Release|x86.Build.0 = Release|Any CPU
		{537BEAC9-DAAC-4A92-87EF-56F95D1E2C02}.Debug|Any CPU.ActiveCfg = Debug|Any CPU
		{537BEAC9-DAAC-4A92-87EF-56F95D1E2C02}.Debug|Any CPU.Build.0 = Debug|Any CPU
		{537BEAC9-DAAC-4A92-87EF-56F95D1E2C02}.Debug|x64.ActiveCfg = Debug|Any CPU
		{537BEAC9-DAAC-4A92-87EF-56F95D1E2C02}.Debug|x64.Build.0 = Debug|Any CPU
		{537BEAC9-DAAC-4A92-87EF-56F95D1E2C02}.Debug|x86.ActiveCfg = Debug|Any CPU
		{537BEAC9-DAAC-4A92-87EF-56F95D1E2C02}.Debug|x86.Build.0 = Debug|Any CPU
		{537BEAC9-DAAC-4A92-87EF-56F95D1E2C02}.Release|Any CPU.ActiveCfg = Release|Any CPU
		{537BEAC9-DAAC-4A92-87EF-56F95D1E2C02}.Release|Any CPU.Build.0 = Release|Any CPU
		{537BEAC9-DAAC-4A92-87EF-56F95D1E2C02}.Release|x64.ActiveCfg = Release|Any CPU
		{537BEAC9-DAAC-4A92-87EF-56F95D1E2C02}.Release|x64.Build.0 = Release|Any CPU
		{537BEAC9-DAAC-4A92-87EF-56F95D1E2C02}.Release|x86.ActiveCfg = Release|Any CPU
		{537BEAC9-DAAC-4A92-87EF-56F95D1E2C02}.Release|x86.Build.0 = Release|Any CPU
	EndGlobalSection
	GlobalSection(SolutionProperties) = preSolution
		HideSolutionNode = FALSE
	EndGlobalSection
	GlobalSection(NestedProjects) = preSolution
		{537BEAC9-DAAC-4A92-87EF-56F95D1E2C02} = {827E0CD3-B72D-47B6-A68D-7590B98EB39B}
	EndGlobalSection
	GlobalSection(ExtensibilityGlobals) = postSolution
		SolutionGuid = {F1C25E4C-AEEF-446F-B4B6-2C9945BC952A}
	EndGlobalSection
EndGlobal
